
Microsoft Visual Studio Solution File, Format Version 11.00
# Visual Studio 2010
Project("{8BC9CEB8-8B4A-11D0-8D11-00A0C91BC942}") = "multip_fps_milesw", "multip_fps_milesw\multip_fps_milesw.vcxproj", "{34A4C8A6-13B3-4777-A3B6-5C5397A3C474}"
EndProject
Global
	GlobalSection(SolutionConfigurationPlatforms) = preSolution
		Debug|Win32 = Debug|Win32
		Release|Win32 = Release|Win32
	EndGlobalSection
	GlobalSection(ProjectConfigurationPlatforms) = postSolution
		{34A4C8A6-13B3-4777-A3B6-5C5397A3C474}.Debug|Win32.ActiveCfg = Debug|Win32
		{34A4C8A6-13B3-4777-A3B6-5C5397A3C474}.Debug|Win32.Build.0 = Debug|Win32
		{34A4C8A6-13B3-4777-A3B6-5C5397A3C474}.Release|Win32.ActiveCfg = Release|Win32
		{34A4C8A6-13B3-4777-A3B6-5C5397A3C474}.Release|Win32.Build.0 = Release|Win32
	EndGlobalSection
	GlobalSection(SolutionProperties) = preSolution
		HideSolutionNode = FALSE
	EndGlobalSection
EndGlobal
